// !$*UTF8*$!
{
	archiveVersion = 1;
	classes = {
	};
	objectVersion = 46;
	objects = {

/* Begin PBXBuildFile section */
		72BFADED1D75E6D600F91446 /* AppDelegate.swift in Sources */ = {isa = PBXBuildFile; fileRef = 72BFADEC1D75E6D600F91446 /* AppDelegate.swift */; };
		72BFADF21D75E6D600F91446 /* Main.storyboard in Resources */ = {isa = PBXBuildFile; fileRef = 72BFADF01D75E6D600F91446 /* Main.storyboard */; };
		72BFADF41D75E6D600F91446 /* Assets.xcassets in Resources */ = {isa = PBXBuildFile; fileRef = 72BFADF31D75E6D600F91446 /* Assets.xcassets */; };
		72BFADF71D75E6D600F91446 /* LaunchScreen.storyboard in Resources */ = {isa = PBXBuildFile; fileRef = 72BFADF51D75E6D600F91446 /* LaunchScreen.storyboard */; };
		72BFADFF1D75EA6900F91446 /* Pokemon.swift in Sources */ = {isa = PBXBuildFile; fileRef = 72BFADFE1D75EA6900F91446 /* Pokemon.swift */; };
		72BFAE011D75F26700F91446 /* NetworkController.swift in Sources */ = {isa = PBXBuildFile; fileRef = 72BFAE001D75F26700F91446 /* NetworkController.swift */; };
		72BFAE031D75F2F400F91446 /* PokemonController.swift in Sources */ = {isa = PBXBuildFile; fileRef = 72BFAE021D75F2F400F91446 /* PokemonController.swift */; };
		72BFAE051D7600D400F91446 /* PokemonViewController.swift in Sources */ = {isa = PBXBuildFile; fileRef = 72BFAE041D7600D400F91446 /* PokemonViewController.swift */; };
/* End PBXBuildFile section */

/* Begin PBXFileReference section */
		72BFADE91D75E6D600F91446 /* PokedexGuidedProject.app */ = {isa = PBXFileReference; explicitFileType = wrapper.application; includeInIndex = 0; path = PokedexGuidedProject.app; sourceTree = BUILT_PRODUCTS_DIR; };
		72BFADEC1D75E6D600F91446 /* AppDelegate.swift */ = {isa = PBXFileReference; lastKnownFileType = sourcecode.swift; path = AppDelegate.swift; sourceTree = "<group>"; };
		72BFADF11D75E6D600F91446 /* Base */ = {isa = PBXFileReference; lastKnownFileType = file.storyboard; name = Base; path = Base.lproj/Main.storyboard; sourceTree = "<group>"; };
		72BFADF31D75E6D600F91446 /* Assets.xcassets */ = {isa = PBXFileReference; lastKnownFileType = folder.assetcatalog; path = Assets.xcassets; sourceTree = "<group>"; };
		72BFADF61D75E6D600F91446 /* Base */ = {isa = PBXFileReference; lastKnownFileType = file.storyboard; name = Base; path = Base.lproj/LaunchScreen.storyboard; sourceTree = "<group>"; };
		72BFADF81D75E6D600F91446 /* Info.plist */ = {isa = PBXFileReference; lastKnownFileType = text.plist.xml; path = Info.plist; sourceTree = "<group>"; };
		72BFADFE1D75EA6900F91446 /* Pokemon.swift */ = {isa = PBXFileReference; fileEncoding = 4; lastKnownFileType = sourcecode.swift; path = Pokemon.swift; sourceTree = "<group>"; };
		72BFAE001D75F26700F91446 /* NetworkController.swift */ = {isa = PBXFileReference; fileEncoding = 4; lastKnownFileType = sourcecode.swift; path = NetworkController.swift; sourceTree = "<group>"; };
		72BFAE021D75F2F400F91446 /* PokemonController.swift */ = {isa = PBXFileReference; fileEncoding = 4; lastKnownFileType = sourcecode.swift; path = PokemonController.swift; sourceTree = "<group>"; };
		72BFAE041D7600D400F91446 /* PokemonViewController.swift */ = {isa = PBXFileReference; fileEncoding = 4; lastKnownFileType = sourcecode.swift; path = PokemonViewController.swift; sourceTree = "<group>"; };
/* End PBXFileReference section */

/* Begin PBXFrameworksBuildPhase section */
		72BFADE61D75E6D600F91446 /* Frameworks */ = {
			isa = PBXFrameworksBuildPhase;
			buildActionMask = 2147483647;
			files = (
			);
			runOnlyForDeploymentPostprocessing = 0;
		};
/* End PBXFrameworksBuildPhase section */

/* Begin PBXGroup section */
		72BFADE01D75E6D600F91446 = {
			isa = PBXGroup;
			children = (
				72BFADEB1D75E6D600F91446 /* PokedexGuidedProject */,
				72BFADEA1D75E6D600F91446 /* Products */,
			);
			sourceTree = "<group>";
		};
		72BFADEA1D75E6D600F91446 /* Products */ = {
			isa = PBXGroup;
			children = (
				72BFADE91D75E6D600F91446 /* PokedexGuidedProject.app */,
			);
			name = Products;
			sourceTree = "<group>";
		};
		72BFADEB1D75E6D600F91446 /* PokedexGuidedProject */ = {
			isa = PBXGroup;
			children = (
				72BFADEC1D75E6D600F91446 /* AppDelegate.swift */,
				72BFADFE1D75EA6900F91446 /* Pokemon.swift */,
				72BFAE021D75F2F400F91446 /* PokemonController.swift */,
				72BFAE001D75F26700F91446 /* NetworkController.swift */,
				72BFAE041D7600D400F91446 /* PokemonViewController.swift */,
				72BFADF01D75E6D600F91446 /* Main.storyboard */,
				72BFADF31D75E6D600F91446 /* Assets.xcassets */,
				72BFADF51D75E6D600F91446 /* LaunchScreen.storyboard */,
				72BFADF81D75E6D600F91446 /* Info.plist */,
			);
			path = PokedexGuidedProject;
			sourceTree = "<group>";
		};
/* End PBXGroup section */

/* Begin PBXNativeTarget section */
		72BFADE81D75E6D600F91446 /* PokedexGuidedProject */ = {
			isa = PBXNativeTarget;
			buildConfigurationList = 72BFADFB1D75E6D600F91446 /* Build configuration list for PBXNativeTarget "PokedexGuidedProject" */;
			buildPhases = (
				72BFADE51D75E6D600F91446 /* Sources */,
				72BFADE61D75E6D600F91446 /* Frameworks */,
				72BFADE71D75E6D600F91446 /* Resources */,
			);
			buildRules = (
			);
			dependencies = (
			);
			name = PokedexGuidedProject;
			productName = PokedexGuidedProject;
			productReference = 72BFADE91D75E6D600F91446 /* PokedexGuidedProject.app */;
			productType = "com.apple.product-type.application";
		};
/* End PBXNativeTarget section */

/* Begin PBXProject section */
		72BFADE11D75E6D600F91446 /* Project object */ = {
			isa = PBXProject;
			attributes = {
				LastSwiftUpdateCheck = 0730;
				LastUpgradeCheck = 0730;
				ORGANIZATIONNAME = "Joseph Hansen";
				TargetAttributes = {
					72BFADE81D75E6D600F91446 = {
						CreatedOnToolsVersion = 7.3.1;
					};
				};
			};
			buildConfigurationList = 72BFADE41D75E6D600F91446 /* Build configuration list for PBXProject "PokedexGuidedProject" */;
			compatibilityVersion = "Xcode 3.2";
			developmentRegion = English;
			hasScannedForEncodings = 0;
			knownRegions = (
				en,
				Base,
			);
			mainGroup = 72BFADE01D75E6D600F91446;
			productRefGroup = 72BFADEA1D75E6D600F91446 /* Products */;
			projectDirPath = "";
			projectRoot = "";
			targets = (
				72BFADE81D75E6D600F91446 /* PokedexGuidedProject */,
			);
		};
/* End PBXProject section */

/* Begin PBXResourcesBuildPhase section */
		72BFADE71D75E6D600F91446 /* Resources */ = {
			isa = PBXResourcesBuildPhase;
			buildActionMask = 2147483647;
			files = (
				72BFADF71D75E6D600F91446 /* LaunchScreen.storyboard in Resources */,
				72BFADF41D75E6D600F91446 /* Assets.xcassets in Resources */,
				72BFADF21D75E6D600F91446 /* Main.storyboard in Resources */,
			);
			runOnlyForDeploymentPostprocessing = 0;
		};
/* End PBXResourcesBuildPhase section */

/* Begin PBXSourcesBuildPhase section */
		72BFADE51D75E6D600F91446 /* Sources */ = {
			isa = PBXSourcesBuildPhase;
			buildActionMask = 2147483647;
			files = (
				72BFAE011D75F26700F91446 /* NetworkController.swift in Sources */,
				72BFAE051D7600D400F91446 /* PokemonViewController.swift in Sources */,
				72BFADED1D75E6D600F91446 /* AppDelegate.swift in Sources */,
				72BFADFF1D75EA6900F91446 /* Pokemon.swift in Sources */,
				72BFAE031D75F2F400F91446 /* PokemonController.swift in Sources */,
			);
			runOnlyForDeploymentPostprocessing = 0;
		};
/* End PBXSourcesBuildPhase section */

/* Begin PBXVariantGroup section */
		72BFADF01D75E6D600F91446 /* Main.storyboard */ = {
			isa = PBXVariantGroup;
			children = (
				72BFADF11D75E6D600F91446 /* Base */,
			);
			name = Main.storyboard;
			sourceTree = "<group>";
		};
		72BFADF51D75E6D600F91446 /* LaunchScreen.storyboard */ = {
			isa = PBXVariantGroup;
			children = (
				72BFADF61D75E6D600F91446 /* Base */,
			);
			name = LaunchScreen.storyboard;
			sourceTree = "<group>";
		};
/* End PBXVariantGroup section */

/* Begin XCBuildConfiguration section */
		72BFADF91D75E6D600F91446 /* Debug */ = {
			isa = XCBuildConfiguration;
			buildSettings = {
				ALWAYS_SEARCH_USER_PATHS = NO;
				CLANG_ANALYZER_NONNULL = YES;
				CLANG_CXX_LANGUAGE_STANDARD = "gnu++0x";
				CLANG_CXX_LIBRARY = "libc++";
				CLANG_ENABLE_MODULES = YES;
				CLANG_ENABLE_OBJC_ARC = YES;
				CLANG_WARN_BOOL_CONVERSION = YES;
				CLANG_WARN_CONSTANT_CONVERSION = YES;
				CLANG_WARN_DIRECT_OBJC_ISA_USAGE = YES_ERROR;
				CLANG_WARN_EMPTY_BODY = YES;
				CLANG_WARN_ENUM_CONVERSION = YES;
				CLANG_WARN_INT_CONVERSION = YES;
				CLANG_WARN_OBJC_ROOT_CLASS = YES_ERROR;
				CLANG_WARN_UNREACHABLE_CODE = YES;
				CLANG_WARN__DUPLICATE_METHOD_MATCH = YES;
				"CODE_SIGN_IDENTITY[sdk=iphoneos*]" = "iPhone Developer";
				COPY_PHASE_STRIP = NO;
				DEBUG_INFORMATION_FORMAT = dwarf;
				ENABLE_STRICT_OBJC_MSGSEND = YES;
				ENABLE_TESTABILITY = YES;
				GCC_C_LANGUAGE_STANDARD = gnu99;
				GCC_DYNAMIC_NO_PIC = NO;
				GCC_NO_COMMON_BLOCKS = YES;
				GCC_OPTIMIZATION_LEVEL = 0;
				GCC_PREPROCESSOR_DEFINITIONS = (
					"DEBUG=1",
					"$(inherited)",
				);
				GCC_WARN_64_TO_32_BIT_CONVERSION = YES;
				GCC_WARN_ABOUT_RETURN_TYPE = YES_ERROR;
				GCC_WARN_UNDECLARED_SELECTOR = YES;
				GCC_WARN_UNINITIALIZED_AUTOS = YES_AGGRESSIVE;
				GCC_WARN_UNUSED_FUNCTION = YES;
				GCC_WARN_UNUSED_VARIABLE = YES;
				IPHONEOS_DEPLOYMENT_TARGET = 9.3;
				MTL_ENABLE_DEBUG_INFO = YES;
				ONLY_ACTIVE_ARCH = YES;
				SDKROOT = iphoneos;
				SWIFT_OPTIMIZATION_LEVEL = "-Onone";
			};
			name = Debug;
		};
		72BFADFA1D75E6D600F91446 /* Release */ = {
			isa = XCBuildConfiguration;
			buildSettings = {
				ALWAYS_SEARCH_USER_PATHS = NO;
				CLANG_ANALYZER_NONNULL = YES;
				CLANG_CXX_LANGUAGE_STANDARD = "gnu++0x";
				CLANG_CXX_LIBRARY = "libc++";
				CLANG_ENABLE_MODULES = YES;
				CLANG_ENABLE_OBJC_ARC = YES;
				CLANG_WARN_BOOL_CONVERSION = YES;
				CLANG_WARN_CONSTANT_CONVERSION = YES;
				CLANG_WARN_DIRECT_OBJC_ISA_USAGE = YES_ERROR;
				CLANG_WARN_EMPTY_BODY = YES;
				CLANG_WARN_ENUM_CONVERSION = YES;
				CLANG_WARN_INT_CONVERSION = YES;
				CLANG_WARN_OBJC_ROOT_CLASS = YES_ERROR;
				CLANG_WARN_UNREACHABLE_CODE = YES;
				CLANG_WARN__DUPLICATE_METHOD_MATCH = YES;
				"CODE_SIGN_IDENTITY[sdk=iphoneos*]" = "iPhone Developer";
				COPY_PHASE_STRIP = NO;
				DEBUG_INFORMATION_FORMAT = "dwarf-with-dsym";
				ENABLE_NS_ASSERTIONS = NO;
				ENABLE_STRICT_OBJC_MSGSEND = YES;
				GCC_C_LANGUAGE_STANDARD = gnu99;
				GCC_NO_COMMON_BLOCKS = YES;
				GCC_WARN_64_TO_32_BIT_CONVERSION = YES;
				GCC_WARN_ABOUT_RETURN_TYPE = YES_ERROR;
				GCC_WARN_UNDECLARED_SELECTOR = YES;
				GCC_WARN_UNINITIALIZED_AUTOS = YES_AGGRESSIVE;
				GCC_WARN_UNUSED_FUNCTION = YES;
				GCC_WARN_UNUSED_VARIABLE = YES;
				IPHONEOS_DEPLOYMENT_TARGET = 9.3;
				MTL_ENABLE_DEBUG_INFO = NO;
				SDKROOT = iphoneos;
				VALIDATE_PRODUCT = YES;
			};
			name = Release;
		};
		72BFADFC1D75E6D600F91446 /* Debug */ = {
			isa = XCBuildConfiguration;
			buildSettings = {
				ASSETCATALOG_COMPILER_APPICON_NAME = AppIcon;
				INFOPLIST_FILE = PokedexGuidedProject/Info.plist;
				LD_RUNPATH_SEARCH_PATHS = "$(inherited) @executable_path/Frameworks";
				PRODUCT_BUNDLE_IDENTIFIER = com.Devmountain.PokedexGuidedProject;
				PRODUCT_NAME = "$(TARGET_NAME)";
			};
			name = Debug;
		};
		72BFADFD1D75E6D600F91446 /* Release */ = {
			isa = XCBuildConfiguration;
			buildSettings = {
				ASSETCATALOG_COMPILER_APPICON_NAME = AppIcon;
				INFOPLIST_FILE = PokedexGuidedProject/Info.plist;
				LD_RUNPATH_SEARCH_PATHS = "$(inherited) @executable_path/Frameworks";
				PRODUCT_BUNDLE_IDENTIFIER = com.Devmountain.PokedexGuidedProject;
				PRODUCT_NAME = "$(TARGET_NAME)";
			};
			name = Release;
		};
/* End XCBuildConfiguration section */

/* Begin XCConfigurationList section */
		72BFADE41D75E6D600F91446 /* Build configuration list for PBXProject "PokedexGuidedProject" */ = {
			isa = XCConfigurationList;
			buildConfigurations = (
				72BFADF91D75E6D600F91446 /* Debug */,
				72BFADFA1D75E6D600F91446 /* Release */,
			);
			defaultConfigurationIsVisible = 0;
			defaultConfigurationName = Release;
		};
		72BFADFB1D75E6D600F91446 /* Build configuration list for PBXNativeTarget "PokedexGuidedProject" */ = {
			isa = XCConfigurationList;
			buildConfigurations = (
				72BFADFC1D75E6D600F91446 /* Debug */,
				72BFADFD1D75E6D600F91446 /* Release */,
			);
			defaultConfigurationIsVisible = 0;
		};
/* End XCConfigurationList section */
	};
	rootObject = 72BFADE11D75E6D600F91446 /* Project object */;
}
